# Generated by conda-lock.
# platform: osx-64
# input_hash: 3fc58985cf96be1fe3cceaecbb709a9eda5d168ba7b30f0495ab2ba68a5f9074
@EXPLICIT
https://conda.anaconda.org/conda-forge/osx-64/libgcc-15.2.0-h08519bb_12.conda#816277b926e140e79a173dc03b66ddc6
https://conda.anaconda.org/conda-forge/noarch/python_abi-3.13-8_cp313.conda#94305520c52a4aa3f6c2b1ff6008d9f8
https://conda.anaconda.org/conda-forge/noarch/tzdata-2025b-h78e105d_0.conda#4222072737ccff51314b5ece9c7d6f5a
https://conda.anaconda.org/conda-forge/osx-64/bzip2-1.0.8-h500dc9f_8.conda#97c4b3bd8a90722104798175a1bdddbf
https://conda.anaconda.org/conda-forge/noarch/ca-certificates-2025.11.12-hbd8a1cb_0.conda#f0991f0f84902f6b6009b4d2350a83aa
https://conda.anaconda.org/conda-forge/osx-64/libbrotlicommon-1.2.0-h8616949_1.conda#f157c098841474579569c85a60ece586
https://conda.anaconda.org/conda-forge/osx-64/libcxx-21.1.6-h3d58e20_0.conda#866af4d7269cd8c9b70f5b49ad6173aa
https://conda.anaconda.org/conda-forge/osx-64/libdeflate-1.25-h517ebb2_0.conda#31aa65919a729dc48180893f62c25221
https://conda.anaconda.org/conda-forge/osx-64/libexpat-2.7.3-heffb93a_0.conda#222e0732a1d0780a622926265bee14ef
https://conda.anaconda.org/conda-forge/osx-64/libffi-3.5.2-h750e83c_0.conda#d214916b24c625bcc459b245d509f22e
https://conda.anaconda.org/conda-forge/osx-64/libgfortran5-15.2.0-hd16e46c_12.conda#bdaad534910cd432ce3e1928d19a99d2
https://conda.anaconda.org/conda-forge/osx-64/libjpeg-turbo-3.1.2-h8616949_0.conda#48dda187f169f5a8f1e5e07701d5cdd9
https://conda.anaconda.org/conda-forge/osx-64/liblzma-5.8.1-hd471939_2.conda#8468beea04b9065b9807fc8b9cdc5894
https://conda.anaconda.org/conda-forge/osx-64/libmpdec-4.0.0-h6e16a3a_0.conda#18b81186a6adb43f000ad19ed7b70381
https://conda.anaconda.org/conda-forge/osx-64/libsodium-1.0.20-hfdf4475_0.conda#6af4b059e26492da6013e79cbcb4d069
https://conda.anaconda.org/conda-forge/osx-64/libwebp-base-1.6.0-hb807250_0.conda#7bb6608cf1f83578587297a158a6630b
https://conda.anaconda.org/conda-forge/osx-64/libzlib-1.3.1-hd23fc13_2.conda#003a54a4e32b02f7355b50a837e699da
https://conda.anaconda.org/conda-forge/osx-64/llvm-openmp-21.1.6-h472b3d1_0.conda#d002bb48f35085405e90a62ffeebebfb
https://conda.anaconda.org/conda-forge/osx-64/ncurses-6.5-h0622a9a_3.conda#ced34dd9929f491ca6dab6a2927aff25
https://conda.anaconda.org/conda-forge/osx-64/pthread-stubs-0.4-h00291cd_1002.conda#8bcf980d2c6b17094961198284b8e862
https://conda.anaconda.org/conda-forge/osx-64/xorg-libxau-1.0.12-h8616949_1.conda#47f1b8b4a76ebd0cd22bd7153e54a4dc
https://conda.anaconda.org/conda-forge/osx-64/xorg-libxdmcp-1.1.5-h8616949_1.conda#435446d9d7db8e094d2c989766cfb146
https://conda.anaconda.org/conda-forge/osx-64/yaml-0.2.5-h4132b18_3.conda#a645bb90997d3fc2aea0adf6517059bd
https://conda.anaconda.org/conda-forge/osx-64/lerc-4.0.0-hcca01a6_1.conda#21f765ced1a0ef4070df53cb425e1967
https://conda.anaconda.org/conda-forge/osx-64/libbrotlidec-1.2.0-h8616949_1.conda#63186ac7a8a24b3528b4b14f21c03f54
https://conda.anaconda.org/conda-forge/osx-64/libbrotlienc-1.2.0-h8616949_1.conda#12a58fd3fc285ce20cf20edf21a0ff8f
https://conda.anaconda.org/conda-forge/osx-64/libedit-3.1.20250104-pl5321ha958ccf_0.conda#1f4ed31220402fcddc083b4bff406868
https://conda.anaconda.org/conda-forge/osx-64/libgfortran-15.2.0-h7e5c614_12.conda#a8a0e3eaff335a5d848d74b25d13e21b
https://conda.anaconda.org/conda-forge/osx-64/libpng-1.6.51-h380d223_0.conda#d54babdd92ec19c27af739b53e189335
https://conda.anaconda.org/conda-forge/osx-64/libsqlite-3.51.0-h86bffb9_0.conda#1ee9b74571acd6dd87e6a0f783989426
https://conda.anaconda.org/conda-forge/osx-64/libxcb-1.17.0-hf1f96e2_0.conda#bbeca862892e2898bdb45792a61c4afc
https://conda.anaconda.org/conda-forge/osx-64/openssl-3.6.0-h230baf5_0.conda#3f50cdf9a97d0280655758b735781096
https://conda.anaconda.org/conda-forge/osx-64/qhull-2020.2-h3c5361c_5.conda#dd1ea9ff27c93db7c01a7b7656bd4ad4
https://conda.anaconda.org/conda-forge/osx-64/readline-8.2-h7cca4af_2.conda#342570f8e02f2f022147a7f841475784
https://conda.anaconda.org/conda-forge/osx-64/tk-8.6.13-hf689a15_3.conda#bd9f1de651dbd80b51281c694827f78f
https://conda.anaconda.org/conda-forge/osx-64/zlib-ng-2.2.5-h55e386d_0.conda#692a62051af2270eb9c24e8f09e88db6
https://conda.anaconda.org/conda-forge/osx-64/zstd-1.5.7-h8210216_2.conda#cd60a4a5a8d6a476b30d8aa4bb49251a
https://conda.anaconda.org/conda-forge/osx-64/brotli-bin-1.2.0-h8616949_1.conda#34803b20dfec7af32ba675c5ccdbedbf
https://conda.anaconda.org/conda-forge/osx-64/krb5-1.21.3-h37d8d59_0.conda#d4765c524b1d91567886bde656fb514b
https://conda.anaconda.org/conda-forge/osx-64/libfreetype6-2.14.1-h6912278_0.conda#dfbdc8fd781dc3111541e4234c19fdbd
https://conda.anaconda.org/conda-forge/osx-64/libopenblas-0.3.30-openmp_h6006d49_4.conda#9241a65e6e9605e4581a2a8005d7f789
https://conda.anaconda.org/conda-forge/osx-64/libtiff-4.7.1-ha0a348c_1.conda#9d4344f94de4ab1330cdc41c40152ea6
https://conda.anaconda.org/conda-forge/osx-64/python-3.13.9-h17c18a5_101_cp313.conda#fb1e51574ce30d2a4d5e4facb9b2cbd5
https://conda.anaconda.org/conda-forge/noarch/appdirs-1.4.4-pyhd8ed1ab_1.conda#f4e90937bbfc3a4a92539545a37bb448
https://conda.anaconda.org/conda-forge/noarch/appnope-0.1.4-pyhd8ed1ab_1.conda#54898d0f524c9dee622d44bbb081a8ab
https://conda.anaconda.org/conda-forge/noarch/asttokens-3.0.1-pyhd8ed1ab_0.conda#9673a61a297b00016442e022d689faa6
https://conda.anaconda.org/conda-forge/noarch/attrs-25.4.0-pyh71513ae_0.conda#c7944d55af26b6d2d7629e27e9a972c1
https://conda.anaconda.org/conda-forge/noarch/backports-1.0-pyhd8ed1ab_5.conda#767d508c1a67e02ae8f50e44cacfadb2
https://conda.anaconda.org/conda-forge/noarch/boltons-25.0.0-pyhd8ed1ab_0.conda#c7eb87af73750d6fd97eff8bbee8cb9c
https://conda.anaconda.org/conda-forge/osx-64/brotli-1.2.0-hf139dec_1.conda#149d8ee7d6541a02a6117d8814fd9413
https://conda.anaconda.org/conda-forge/osx-64/brotli-python-1.2.0-py313h8d69aa9_1.conda#7c5e382b4d5161535f1dd258103fea51
https://conda.anaconda.org/conda-forge/noarch/cached_property-1.5.2-pyha770c72_1.tar.bz2#576d629e47797577ab0f1b351297ef4a
https://conda.anaconda.org/conda-forge/noarch/certifi-2025.11.12-pyhd8ed1ab_0.conda#96a02a5c1a65470a7e4eedb644c872fd
https://conda.anaconda.org/conda-forge/noarch/charset-normalizer-3.4.4-pyhd8ed1ab_0.conda#a22d1fd9bf98827e280a02875d9a007a
https://conda.anaconda.org/conda-forge/noarch/click-8.3.1-pyh707e725_0.conda#9ba00b39e03a0afb2b1cc0767d4c6175
https://conda.anaconda.org/conda-forge/noarch/colorama-0.4.6-pyhd8ed1ab_1.conda#962b9857ee8e7018c22f2776ffa0b2d7
https://conda.anaconda.org/conda-forge/noarch/comm-0.2.3-pyhe01879c_0.conda#2da13f2b299d8e1995bafbbe9689a2f7
https://conda.anaconda.org/conda-forge/noarch/cpython-3.13.9-py313hd8ed1ab_101.conda#367133808e89325690562099851529c8
https://conda.anaconda.org/conda-forge/noarch/crashtest-0.4.1-pyhd8ed1ab_1.conda#e036e2f76d9c9aebc12510ed23352b6c
https://conda.anaconda.org/conda-forge/noarch/cycler-0.12.1-pyhd8ed1ab_1.conda#44600c4667a319d67dbe0681fc0bc833
https://conda.anaconda.org/conda-forge/noarch/dataclasses-0.8-pyhc8e2a94_3.tar.bz2#a362b2124b06aad102e2ee4581acee7d
https://conda.anaconda.org/conda-forge/osx-64/debugpy-1.8.17-py313hff8d55d_0.conda#9e16c3b74fac3e83ed116fe8e3cf0da1
https://conda.anaconda.org/conda-forge/noarch/decorator-5.2.1-pyhd8ed1ab_0.conda#9ce473d1d1be1cc3810856a48b3fab32
https://conda.anaconda.org/conda-forge/noarch/defusedxml-0.7.1-pyhd8ed1ab_0.tar.bz2#961b3a227b437d82ad7054484cfa71b2
https://conda.anaconda.org/conda-forge/noarch/distlib-0.4.0-pyhd8ed1ab_0.conda#003b8ba0a94e2f1e117d0bd46aebc901
https://conda.anaconda.org/conda-forge/noarch/executing-2.2.1-pyhd8ed1ab_0.conda#ff9efb7f7469aed3c4a8106ffa29593c
https://conda.anaconda.org/conda-forge/noarch/filelock-3.20.0-pyhd8ed1ab_0.conda#66b8b26023b8efdf8fcb23bac4b6325d
https://conda.anaconda.org/conda-forge/noarch/hpack-4.1.0-pyhd8ed1ab_0.conda#0a802cb9888dd14eeefc611f05c40b6e
https://conda.anaconda.org/conda-forge/noarch/hyperframe-6.1.0-pyhd8ed1ab_0.conda#8e6923fc12f1fe8f8c4e5c9f343256ac
https://conda.anaconda.org/conda-forge/noarch/idna-3.11-pyhd8ed1ab_0.conda#53abe63df7e10a6ba605dc5f9f961d36
https://conda.anaconda.org/conda-forge/noarch/json5-0.12.1-pyhd8ed1ab_0.conda#0fc93f473c31a2f85c0bde213e7c63ca
https://conda.anaconda.org/conda-forge/noarch/jsonpickle-4.1.1-pyhe01879c_0.conda#d03f35a99e458c6f2bd7ce03b56210d9
https://conda.anaconda.org/conda-forge/osx-64/jsonpointer-3.0.0-py313habf4b1d_2.conda#6c9ecc26d54c3b9f9c40a7a21f780243
https://conda.anaconda.org/conda-forge/noarch/jupyterlab_widgets-3.0.16-pyhcf101f3_1.conda#dbf8b81974504fa51d34e436ca7ef389
https://conda.anaconda.org/conda-forge/osx-64/kiwisolver-1.4.9-py313ha1c5e85_2.conda#cadc416f7c960ce1436bb6cc8a0f75e4
https://conda.anaconda.org/conda-forge/noarch/lark-1.3.1-pyhd8ed1ab_0.conda#9b965c999135d43a3d0f7bd7d024e26a
https://conda.anaconda.org/conda-forge/osx-64/lcms2-2.17-h72f5680_0.conda#bf210d0c63f2afb9e414a858b79f0eaa
https://conda.anaconda.org/conda-forge/osx-64/libblas-3.11.0-2_he492b99_openblas.conda#1c8b502902eacae5a3df66477e61a636
https://conda.anaconda.org/conda-forge/osx-64/libfreetype-2.14.1-h694c41f_0.conda#e0e2edaf5e0c71b843e25a7ecc451cc9
https://conda.anaconda.org/conda-forge/osx-64/markupsafe-3.0.3-py313h0f4d31d_0.conda#884a82dc80ecd251e38d647808c424b3
https://conda.anaconda.org/conda-forge/noarch/more-itertools-10.8.0-pyhd8ed1ab_0.conda#d7620a15dc400b448e1c88a981b23ddd
https://conda.anaconda.org/conda-forge/osx-64/msgpack-python-1.1.2-py313h5eff275_1.conda#44f1e465412acc4aeb8290acd756fb58
https://conda.anaconda.org/conda-forge/noarch/munkres-1.1.4-pyhd8ed1ab_1.conda#37293a85a0f4f77bbd9cf7aaefc62609
https://conda.anaconda.org/conda-forge/noarch/mypy_extensions-1.1.0-pyha770c72_0.conda#e9c622e0d00fa24a6292279af3ab6d06
https://conda.anaconda.org/conda-forge/noarch/narwhals-2.12.0-pyhcf101f3_0.conda#02cab382663872083b7e8675f09d9c21
https://conda.anaconda.org/conda-forge/noarch/nest-asyncio-1.6.0-pyhd8ed1ab_1.conda#598fd7d4d0de2455fb74f56063969a97
https://conda.anaconda.org/conda-forge/osx-64/openjpeg-2.5.4-h87e8dc5_0.conda#a67d3517ebbf615b91ef9fdc99934e0c
https://conda.anaconda.org/conda-forge/noarch/packaging-25.0-pyh29332c3_1.conda#58335b26c38bf4a20f399384c33cbcf9
https://conda.anaconda.org/conda-forge/noarch/pandocfilters-1.5.0-pyhd8ed1ab_0.tar.bz2#457c2c8c08e54905d6954e79cb5b5db9
https://conda.anaconda.org/conda-forge/noarch/parso-0.8.5-pyhcf101f3_0.conda#a110716cdb11cf51482ff4000dc253d7
https://conda.anaconda.org/conda-forge/noarch/pip-25.3-pyh145f28c_0.conda#bf47878473e5ab9fdb4115735230e191
https://conda.anaconda.org/conda-forge/noarch/pkginfo-1.12.1.2-pyhd8ed1ab_0.conda#dc702b2fae7ebe770aff3c83adb16b63
https://conda.anaconda.org/conda-forge/noarch/platformdirs-4.5.0-pyhcf101f3_0.conda#5c7a868f8241e64e1cf5fdf4962f23e2
https://conda.anaconda.org/conda-forge/noarch/prometheus_client-0.23.1-pyhd8ed1ab_0.conda#a1e91db2d17fd258c64921cb38e6745a
https://conda.anaconda.org/conda-forge/osx-64/psutil-7.1.3-py313hcb05632_0.conda#b2e3c688e2d87f25646125a6532a7a1b
https://conda.anaconda.org/conda-forge/noarch/ptyprocess-0.7.0-pyhd8ed1ab_1.conda#7d9daffbb8d8e0af0f769dbbcd173a54
https://conda.anaconda.org/conda-forge/noarch/pure_eval-0.2.3-pyhd8ed1ab_1.conda#3bfdfb8dbcdc4af1ae3f9a8eb3948f04
https://conda.anaconda.org/conda-forge/noarch/pycparser-2.22-pyh29332c3_1.conda#12c566707c80111f9799308d9e265aef
https://conda.anaconda.org/conda-forge/noarch/pygments-2.19.2-pyhd8ed1ab_0.conda#6b6ece66ebcae2d5f326c77ef2c5a066
https://conda.anaconda.org/conda-forge/noarch/pyparsing-3.2.5-pyhcf101f3_0.conda#6c8979be6d7a17692793114fa26916e8
https://conda.anaconda.org/conda-forge/noarch/pysocks-1.7.1-pyha55dd90_7.conda#461219d1a5bd61342293efa2c0c90eac
https://conda.anaconda.org/conda-forge/noarch/python-fastjsonschema-2.21.2-pyhe01879c_0.conda#23029aae904a2ba587daba708208012f
https://conda.anaconda.org/conda-forge/noarch/python-installer-0.7.0-pyhff2d567_1.conda#e27480eebcdf247209e90da706ebef8d
https://conda.anaconda.org/conda-forge/noarch/python-json-logger-2.0.7-pyhd8ed1ab_0.conda#a61bf9ec79426938ff785eb69dbb1960
https://conda.anaconda.org/conda-forge/noarch/python-tzdata-2025.2-pyhd8ed1ab_0.conda#88476ae6ebd24f39261e0854ac244f33
https://conda.anaconda.org/conda-forge/noarch/pytz-2025.2-pyhd8ed1ab_0.conda#bc8e3267d44011051f2eb14d22fb0960
https://conda.anaconda.org/conda-forge/osx-64/pyyaml-6.0.3-py313h0f4d31d_0.conda#e0c9e257970870212c449106964a5ace
https://conda.anaconda.org/conda-forge/noarch/rfc3986-validator-0.1.1-pyh9f0ad1d_0.tar.bz2#912a71cc01012ee38e6b90ddd561e36f
https://conda.anaconda.org/conda-forge/osx-64/rpds-py-0.29.0-py313hcc225dc_0.conda#23fb04e05996bf05a728b115028b0d47
https://conda.anaconda.org/conda-forge/osx-64/ruamel.yaml.clib-0.2.14-py313hf050af9_0.conda#cd3007dc96ed063aafca50f04cd23122
https://conda.anaconda.org/conda-forge/noarch/semver-3.0.4-pyhd8ed1ab_0.conda#982aa48accc06494cbd2b51af69e17c7
https://conda.anaconda.org/conda-forge/noarch/setuptools-80.9.0-pyhff2d567_0.conda#4de79c071274a53dcaf2a8c749d1499e
https://conda.anaconda.org/conda-forge/noarch/shellingham-1.5.4-pyhd8ed1ab_2.conda#83ea3a2ddb7a75c1b09cea582aa4f106
https://conda.anaconda.org/conda-forge/noarch/six-1.17.0-pyhe01879c_1.conda#3339e3b65d58accf4ca4fb8748ab16b3
https://conda.anaconda.org/conda-forge/noarch/smmap-5.0.2-pyhd8ed1ab_0.conda#87f47a78808baf2fa1ea9c315a1e48f1
https://conda.anaconda.org/conda-forge/noarch/sniffio-1.3.1-pyhd8ed1ab_2.conda#03fe290994c5e4ec17293cfb6bdce520
https://conda.anaconda.org/conda-forge/noarch/soupsieve-2.8-pyhd8ed1ab_0.conda#18c019ccf43769d211f2cf78e9ad46c2
https://conda.anaconda.org/conda-forge/noarch/threadpoolctl-3.6.0-pyhecae5ae_0.conda#9d64911b31d57ca443e9f1e36b04385f
https://conda.anaconda.org/conda-forge/noarch/tomli-2.3.0-pyhcf101f3_0.conda#d2732eb636c264dc9aa4cbee404b1a53
https://conda.anaconda.org/conda-forge/noarch/tomlkit-0.13.3-pyha770c72_0.conda#146402bf0f11cbeb8f781fa4309a95d3
https://conda.anaconda.org/conda-forge/osx-64/tornado-6.5.2-py313hf050af9_2.conda#b3269a8a3f36be79609e87a9699153b4
https://conda.anaconda.org/conda-forge/noarch/traitlets-5.14.3-pyhd8ed1ab_1.conda#019a7385be9af33791c989871317e1ed
https://conda.anaconda.org/conda-forge/noarch/trove-classifiers-2025.11.14.15-pyhd8ed1ab_0.conda#e976edbb0821092956a85f1e7b627a97
https://conda.anaconda.org/conda-forge/noarch/typing_extensions-4.15.0-pyhcf101f3_0.conda#0caa1af407ecff61170c9437a808404d
https://conda.anaconda.org/conda-forge/noarch/typing_utils-0.1.0-pyhd8ed1ab_1.conda#f6d7aa696c67756a650e91e15e88223c
https://conda.anaconda.org/conda-forge/noarch/uri-template-1.3.0-pyhd8ed1ab_1.conda#e7cb0f5745e4c5035a460248334af7eb
https://conda.anaconda.org/conda-forge/noarch/wcwidth-0.2.14-pyhd8ed1ab_0.conda#7e1e5ff31239f9cd5855714df8a3783d
https://conda.anaconda.org/conda-forge/noarch/webcolors-25.10.0-pyhd8ed1ab_0.conda#6639b6b0d8b5a284f027a2003669aa65
https://conda.anaconda.org/conda-forge/noarch/webencodings-0.5.1-pyhd8ed1ab_3.conda#2841eb5bfc75ce15e9a0054b98dcd64d
https://conda.anaconda.org/conda-forge/noarch/websocket-client-1.9.0-pyhd8ed1ab_0.conda#2f1ed718fcd829c184a6d4f0f2e07409
https://conda.anaconda.org/conda-forge/noarch/widgetsnbextension-4.0.15-pyhd8ed1ab_0.conda#dc257b7e7cad9b79c1dfba194e92297b
https://conda.anaconda.org/conda-forge/osx-64/zeromq-4.3.5-h6c33b1e_9.conda#d940d809c42fbf85b05814c3290660f5
https://conda.anaconda.org/conda-forge/noarch/zipp-3.23.0-pyhd8ed1ab_0.conda#df5e78d904988eb55042c0c97446079f
https://conda.anaconda.org/conda-forge/noarch/async-lru-2.0.5-pyh29332c3_0.conda#d9d0f99095a9bb7e3641bca8c6ad2ac7
https://conda.anaconda.org/conda-forge/noarch/babel-2.17.0-pyhd8ed1ab_0.conda#0a01c169f0ab0f91b26e77a3301fbfe4
https://conda.anaconda.org/conda-forge/noarch/backports.tarfile-1.2.0-pyhd8ed1ab_1.conda#df837d654933488220b454c6a3b0fad6
https://conda.anaconda.org/conda-forge/noarch/bleach-6.3.0-pyhcf101f3_0.conda#b1a27250d70881943cca0dd6b4ba0956
https://conda.anaconda.org/conda-forge/noarch/cached-property-1.5.2-hd8ed1ab_1.tar.bz2#9b347a7ec10940d3f7941ff6c460b551
https://conda.anaconda.org/conda-forge/osx-64/cffi-2.0.0-py313hf57695f_1.conda#b10f64f2e725afc9bf2d9b30eff6d0ea
https://conda.anaconda.org/conda-forge/noarch/click-default-group-1.2.4-pyhd8ed1ab_1.conda#7cd83dd6831b61ad9624a694e4afd7dc
https://conda.anaconda.org/conda-forge/noarch/exceptiongroup-1.3.1-pyhd8ed1ab_0.conda#8e662bd460bda79b1ea39194e3c4c9ab
https://conda.anaconda.org/conda-forge/osx-64/fonttools-4.60.1-py313h0f4d31d_0.conda#b417d96ed03a6dbf2dbfb3f6b9c21c0e
https://conda.anaconda.org/conda-forge/osx-64/freetype-2.14.1-h694c41f_0.conda#ca641fdf8b7803f4b7212b6d66375930
https://conda.anaconda.org/conda-forge/noarch/gitdb-4.0.12-pyhd8ed1ab_0.conda#7c14f3706e099f8fcd47af2d494616cc
https://conda.anaconda.org/conda-forge/noarch/h11-0.16.0-pyhd8ed1ab_0.conda#4b69232755285701bc86a5afe4d9933a
https://conda.anaconda.org/conda-forge/noarch/h2-4.3.0-pyhcf101f3_0.conda#164fc43f0b53b6e3a7bc7dce5e4f1dc9
https://conda.anaconda.org/conda-forge/noarch/importlib-metadata-8.7.0-pyhe01879c_1.conda#63ccfdc3a3ce25b027b8767eb722fca8
https://conda.anaconda.org/conda-forge/noarch/importlib_resources-6.5.2-pyhd8ed1ab_0.conda#c85c76dc67d75619a92f51dfbce06992
https://conda.anaconda.org/conda-forge/noarch/ipython_pygments_lexers-1.1.1-pyhd8ed1ab_0.conda#bd80ba060603cc228d9d81c257093119
https://conda.anaconda.org/conda-forge/noarch/jaraco.classes-3.4.0-pyhd8ed1ab_2.conda#ade6b25a6136661dadd1a43e4350b10b
https://conda.anaconda.org/conda-forge/noarch/jaraco.functools-4.3.0-pyhd8ed1ab_0.conda#b86839fa387a5b904846e77c84167e57
https://conda.anaconda.org/conda-forge/noarch/jedi-0.19.2-pyhd8ed1ab_1.conda#a4f4c5dc9b80bc50e0d3dc4e6e8f1bd9
https://conda.anaconda.org/conda-forge/noarch/jinja2-3.1.6-pyhd8ed1ab_0.conda#446bd6c8cb26050d528881df495ce646
https://conda.anaconda.org/conda-forge/noarch/joblib-1.5.2-pyhd8ed1ab_0.conda#4e717929cfa0d49cef92d911e31d0e90
https://conda.anaconda.org/conda-forge/noarch/jupyter_core-5.9.1-pyhc90fa1f_0.conda#b38fe4e78ee75def7e599843ef4c1ab0
https://conda.anaconda.org/conda-forge/noarch/jupyterlab_pygments-0.3.0-pyhd8ed1ab_2.conda#fd312693df06da3578383232528c468d
https://conda.anaconda.org/conda-forge/osx-64/libcblas-3.11.0-2_h9b27e0a_openblas.conda#4340614c0af5534339786cfd3b79211f
https://conda.anaconda.org/conda-forge/osx-64/liblapack-3.11.0-2_h859234e_openblas.conda#8db178ce18ce1a024920967144b9f0b8
https://conda.anaconda.org/conda-forge/noarch/matplotlib-inline-0.2.1-pyhd8ed1ab_0.conda#00e120ce3e40bad7bfc78861ce3c4a25
https://conda.anaconda.org/conda-forge/noarch/mistune-3.1.4-pyhcf101f3_0.conda#f5a4d548d1d3bdd517260409fc21e205
https://conda.anaconda.org/conda-forge/noarch/overrides-7.7.0-pyhd8ed1ab_1.conda#e51f1e4089cad105b6cac64bd8166587
https://conda.anaconda.org/conda-forge/noarch/pexpect-4.9.0-pyhd8ed1ab_1.conda#d0d408b1f18883a944376da5cf8101ea
https://conda.anaconda.org/conda-forge/osx-64/pillow-12.0.0-py313h8f765dc_1.conda#1b4043aebe3bf226d6a71f9b04e77d1b
https://conda.anaconda.org/conda-forge/noarch/plotly-6.5.0-pyhd8ed1ab_0.conda#6d4c79b604d50c1140c32164f7eca72a
https://conda.anaconda.org/conda-forge/noarch/prompt-toolkit-3.0.52-pyha770c72_0.conda#edb16f14d920fb3faf17f5ce582942d6
https://conda.anaconda.org/conda-forge/osx-64/pyobjc-core-12.1-py313h07bcf3a_0.conda#6a2c3a617a70f97ca53b7b88461b1c27
https://conda.anaconda.org/conda-forge/noarch/pyproject_hooks-1.2.0-pyhd8ed1ab_1.conda#d4582021af437c931d7d77ec39007845
https://conda.anaconda.org/conda-forge/noarch/python-dateutil-2.9.0.post0-pyhe01879c_2.conda#5b8d21249ff20967101ffa321cab24e8
https://conda.anaconda.org/conda-forge/noarch/python-gil-3.13.9-h4df99d1_101.conda#f41e3c1125e292e6bfcea8392a3de3d8
https://conda.anaconda.org/conda-forge/noarch/referencing-0.37.0-pyhcf101f3_0.conda#870293df500ca7e18bedefa5838a22ab
https://conda.anaconda.org/conda-forge/noarch/rfc3339-validator-0.1.4-pyhd8ed1ab_1.conda#36de09a8d3e5d5e6f4ee63af49e59706
https://conda.anaconda.org/conda-forge/noarch/rfc3987-syntax-1.1.0-pyhe01879c_1.conda#7234f99325263a5af6d4cd195035e8f2
https://conda.anaconda.org/conda-forge/osx-64/ruamel.yaml-0.18.16-py313hf050af9_0.conda#f1b5d1d396f44968f6e6ade4fd597690
https://conda.anaconda.org/conda-forge/noarch/stack_data-0.6.3-pyhd8ed1ab_1.conda#b1b505328da7a6b246787df4b5a49fbc
https://conda.anaconda.org/conda-forge/noarch/terminado-0.18.1-pyh31c8845_0.conda#00b54981b923f5aefcd5e8547de056d5
https://conda.anaconda.org/conda-forge/noarch/tinycss2-1.5.0-pyhcf101f3_0.conda#2caf483992d5d92b232451f843bdc8af
https://conda.anaconda.org/conda-forge/noarch/tqdm-4.67.1-pyhd8ed1ab_1.conda#9efbfdc37242619130ea42b1cc4ed861
https://conda.anaconda.org/conda-forge/noarch/typing-extensions-4.15.0-h396c80c_0.conda#edd329d7d3a4ab45dcf905899a7a6115
https://conda.anaconda.org/conda-forge/noarch/typing-inspection-0.4.2-pyhd8ed1ab_0.conda#399701494e731ce73fdd86c185a3d1b4
https://conda.anaconda.org/conda-forge/noarch/typing_inspect-0.9.0-pyhd8ed1ab_1.conda#fa31df4d4193aabccaf09ce78a187faf
https://conda.anaconda.org/conda-forge/noarch/virtualenv-20.35.4-pyhd8ed1ab_0.conda#cfccfd4e8d9de82ed75c8e2c91cab375
https://conda.anaconda.org/conda-forge/noarch/_python_abi3_support-1.0-hd8ed1ab_2.conda#aaa2a381ccc56eac91d63b6c1240312f
https://conda.anaconda.org/conda-forge/noarch/annotated-types-0.7.0-pyhd8ed1ab_1.conda#2934f256a8acfe48f6ebb4fce6cde29c
https://conda.anaconda.org/conda-forge/noarch/anyio-4.11.0-pyhcf101f3_0.conda#814472b61da9792fae28156cb9ee54f5
https://conda.anaconda.org/conda-forge/osx-64/argon2-cffi-bindings-25.1.0-py313hf050af9_2.conda#1fedb53ffc72b7d1162daa934ad7996b
https://conda.anaconda.org/conda-forge/noarch/arrow-1.4.0-pyhcf101f3_0.conda#85c4f19f377424eafc4ed7911b291642
https://conda.anaconda.org/conda-forge/noarch/beautifulsoup4-4.14.2-pyha770c72_0.conda#749ebebabc2cae99b2e5b3edd04c6ca2
https://conda.anaconda.org/conda-forge/noarch/bleach-with-css-6.3.0-h5f6438b_0.conda#08a03378bc5293c6f97637323802f480
https://conda.anaconda.org/conda-forge/noarch/fqdn-1.5.1-pyhd8ed1ab_1.conda#d3549fd50d450b6d9e7dddff25dd2110
https://conda.anaconda.org/conda-forge/noarch/gitpython-3.1.45-pyhff2d567_0.conda#b91d463ea8be13bcbe644ae8bc99c39f
https://conda.anaconda.org/conda-forge/noarch/ipython-9.7.0-pyh53cf698_0.conda#2d6b86a2e11b8cb2f20a432158ef10b9
https://conda.anaconda.org/conda-forge/noarch/jaraco.context-6.0.1-pyhd8ed1ab_0.conda#bcc023a32ea1c44a790bbf1eae473486
https://conda.anaconda.org/conda-forge/noarch/jsonschema-specifications-2025.9.1-pyhcf101f3_0.conda#439cd0f567d697b20a8f45cb70a1005a
https://conda.anaconda.org/conda-forge/noarch/jupyter_server_terminals-0.5.3-pyhd8ed1ab_1.conda#2d983ff1b82a1ccb6f2e9d8784bdd6bd
https://conda.anaconda.org/conda-forge/osx-64/numpy-2.3.5-py313ha99c057_0.conda#30f92d3d427084204b18e75a648ea9a2
https://conda.anaconda.org/conda-forge/osx-64/pydantic-core-2.41.5-py313hcc225dc_1.conda#e12491c39d2ea259771ce4d80a91817f
https://conda.anaconda.org/conda-forge/osx-64/pyobjc-framework-cocoa-12.1-py313hf669bc3_0.conda#628b5ad83d6140fe4bfa937e2f357ed7
https://conda.anaconda.org/conda-forge/noarch/python-build-1.3.0-pyhff2d567_0.conda#ed5d43e9ef92cc2a9872f9bdfe94b984
https://conda.anaconda.org/conda-forge/noarch/typeguard-4.4.4-pyhd8ed1ab_0.conda#8b2613dbfd4e2bc9080b2779b53fc210
https://conda.anaconda.org/conda-forge/osx-64/xattr-1.3.0-py313h2960249_1.conda#022450d277e7bbb5def69d44ea0943a5
https://conda.anaconda.org/conda-forge/osx-64/zstandard-0.25.0-py313hcb05632_1.conda#da657125cfc67fe18e4499cf88dbe512
https://conda.anaconda.org/conda-forge/noarch/argon2-cffi-25.1.0-pyhd8ed1ab_0.conda#8ac12aff0860280ee0cff7fa2cf63f3b
https://conda.anaconda.org/conda-forge/noarch/conda-package-streaming-0.12.0-pyhd8ed1ab_0.conda#ff75d06af779966a5aeae1be1d409b96
https://conda.anaconda.org/conda-forge/osx-64/contourpy-1.3.3-py313h5eff275_3.conda#76be023d05c67d445a0d0591fcdb83a6
https://conda.anaconda.org/conda-forge/noarch/httpcore-1.0.9-pyh29332c3_0.conda#4f14640d58e2cc0aa0819d9d8ba125bb
https://conda.anaconda.org/conda-forge/noarch/ipywidgets-8.1.8-pyhd8ed1ab_0.conda#d68e3f70d1f068f1b66d94822fdc644e
https://conda.anaconda.org/conda-forge/noarch/isoduration-20.11.0-pyhd8ed1ab_1.conda#0b0154421989637d424ccf0f104be51a
https://conda.anaconda.org/conda-forge/noarch/jsonschema-4.25.1-pyhe01879c_0.conda#341fd940c242cf33e832c0402face56f
https://conda.anaconda.org/conda-forge/noarch/keyring-25.7.0-pyh534df25_0.conda#c88f9579d08eb4031159f03640714ce3
https://conda.anaconda.org/conda-forge/osx-64/pandas-2.3.3-py313h2f264a9_1.conda#edd7a9cfba45ab3073b594ec999a24fe
https://conda.anaconda.org/conda-forge/noarch/patsy-1.0.2-pyhcf101f3_0.conda#8678577a52161cc4e1c93fcc18e8a646
https://conda.anaconda.org/conda-forge/noarch/pydantic-2.12.4-pyh3cfb1c2_0.conda#bf6ce72315b6759453d8c90a894e9e4c
https://conda.anaconda.org/conda-forge/osx-64/pyzmq-27.1.0-py312hb7d603e_0.conda#81511d0be03be793c622c408c909d6f9
https://conda.anaconda.org/conda-forge/osx-64/scipy-1.16.3-py313h61f8160_1.conda#00a86d1ffe414227daefd6dc5e381b16
https://conda.anaconda.org/conda-forge/noarch/send2trash-1.8.3-pyh31c8845_1.conda#e67b1b1fa7a79ff9e8e326d0caf55854
https://conda.anaconda.org/conda-forge/noarch/urllib3-2.5.0-pyhd8ed1ab_0.conda#436c165519e140cb08d246a4472a9d6a
https://conda.anaconda.org/conda-forge/noarch/altair-6.0.0-pyhd8ed1ab_1.conda#36a31df7e76e845fb87f8d0a2c8c5ebf
https://conda.anaconda.org/conda-forge/osx-64/dulwich-0.22.8-py313h3c055b9_0.conda#adf264e11e1286df756d5799232c448d
https://conda.anaconda.org/conda-forge/noarch/httpx-0.28.1-pyhd8ed1ab_0.conda#d6989ead454181f4f9bc987d3dc4e285
https://conda.anaconda.org/conda-forge/noarch/jsonschema-with-format-nongpl-4.25.1-he01879c_0.conda#13e31c573c884962318a738405ca3487
https://conda.anaconda.org/conda-forge/noarch/jupyter_client-8.6.3-pyhd8ed1ab_1.conda#4ebae00eae9705b0c3d6d1018a81d047
https://conda.anaconda.org/conda-forge/osx-64/matplotlib-base-3.10.8-py313h4ad75b8_0.conda#5a0ed440de10c49cfed0178d3e59d994
https://conda.anaconda.org/conda-forge/noarch/nbformat-5.10.4-pyhd8ed1ab_1.conda#bbe1963f1e47f594070ffe87cdf612ea
https://conda.anaconda.org/conda-forge/noarch/pandera-base-0.26.1-pyhd8ed1ab_0.conda#0828883b7195bdb41c146bc5ff14c1b2
https://conda.anaconda.org/conda-forge/noarch/requests-2.32.5-pyhd8ed1ab_0.conda#db0c6b99149880c8ba515cf4abe93ee4
https://conda.anaconda.org/conda-forge/osx-64/scikit-learn-1.7.2-py313hfce3ed8_0.conda#6455114ee5635a6202ff117df5612625
https://conda.anaconda.org/conda-forge/osx-64/statsmodels-0.14.5-py313h0f4b8c3_1.conda#bbcea9676e86dd53a8ad65d540892067
https://conda.anaconda.org/conda-forge/noarch/cachecontrol-0.14.3-pyha770c72_0.conda#241ef6e3db47a143ac34c21bfba510f1
https://conda.anaconda.org/conda-forge/noarch/category_encoders-2.9.0-pyhcf101f3_0.conda#ffa766c48c8f5103c539640b0b890d0a
https://conda.anaconda.org/conda-forge/noarch/ensureconda-1.6.0-pyhcf101f3_0.conda#fcc02785e4da41e5f19f740e017b6ffb
https://conda.anaconda.org/conda-forge/noarch/ipykernel-7.1.0-pyh5552912_0.conda#1849eec35b60082d2bd66b4e36dec2b6
https://conda.anaconda.org/conda-forge/noarch/jupyter_events-0.12.0-pyh29332c3_0.conda#f56000b36f09ab7533877e695e4e8cb0
https://conda.anaconda.org/conda-forge/osx-64/matplotlib-3.10.8-py313habf4b1d_0.conda#37dffad2937d7c8b7fc47003ddd31eac
https://conda.anaconda.org/conda-forge/noarch/nbclient-0.10.2-pyhd8ed1ab_0.conda#6bb0d77277061742744176ab555b723c
https://conda.anaconda.org/conda-forge/noarch/pandera-0.26.1-hd8ed1ab_0.conda#ec76428eacdff80cb9093789fe5452a2
https://conda.anaconda.org/conda-forge/noarch/requests-toolbelt-1.0.0-pyhd8ed1ab_1.conda#66de8645e324fda0ea6ef28c2f99a2ab
https://conda.anaconda.org/conda-forge/noarch/cachecontrol-with-filecache-0.14.3-pyhd8ed1ab_0.conda#b4af8c1b61929b1bcb001c2953882149
https://conda.anaconda.org/conda-forge/noarch/deepchecks-0.3.2-pyhd8ed1ab_0.tar.bz2#9b9c6c7ba35decc7331cf028a2a1a77c
https://conda.anaconda.org/conda-forge/noarch/nbconvert-core-7.16.6-pyhcf101f3_1.conda#cfc86ccc3b1de35d36ccaae4c50391f5
https://conda.anaconda.org/conda-forge/noarch/conda-lock-3.0.4-pyhb3ed7dc_1.conda#0fee5d5a9df19104dcecf4541097e70e
https://conda.anaconda.org/conda-forge/noarch/jupyter_server-2.17.0-pyhcf101f3_0.conda#d79a87dcfa726bcea8e61275feed6f83
https://conda.anaconda.org/conda-forge/noarch/jupyter-lsp-2.3.0-pyhcf101f3_0.conda#62b7c96c6cd77f8173cc5cada6a9acaa
https://conda.anaconda.org/conda-forge/noarch/jupyterlab_server-2.28.0-pyhcf101f3_0.conda#a63877cb23de826b1620d3adfccc4014
https://conda.anaconda.org/conda-forge/noarch/notebook-shim-0.2.4-pyhd8ed1ab_1.conda#e7f89ea5f7ea9401642758ff50a2d9c1
https://conda.anaconda.org/conda-forge/noarch/jupyterlab-4.5.0-pyhd8ed1ab_0.conda#e6dc3d6bf1591f0ebe8e77959e950660
